
Microsoft Visual Studio Solution File, Format Version 12.00
# Visual Studio Version 17
VisualStudioVersion = 17.0.32014.148
MinimumVisualStudioVersion = 10.0.40219.1
Project("{FAE04EC0-301F-11D3-BF4B-00C04F79EFBC}") = "SoloLearn1", "SoloLearn1\SoloLearn1.csproj", "{AB96FB4F-A414-4EA4-BF97-01E50520595E}"
EndProject
Global
	GlobalSection(SolutionConfigurationPlatforms) = preSolution
		Debug|Any CPU = Debug|Any CPU
		Release|Any CPU = Release|Any CPU
	EndGlobalSection
	GlobalSection(ProjectConfigurationPlatforms) = postSolution
		{AB96FB4F-A414-4EA4-BF97-01E50520595E}.Debug|Any CPU.ActiveCfg = Debug|Any CPU
		{AB96FB4F-A414-4EA4-BF97-01E50520595E}.Debug|Any CPU.Build.0 = Debug|Any CPU
		{AB96FB4F-A414-4EA4-BF97-01E50520595E}.Release|Any CPU.ActiveCfg = Release|Any CPU
		{AB96FB4F-A414-4EA4-BF97-01E50520595E}.Release|Any CPU.Build.0 = Release|Any CPU
	EndGlobalSection
	GlobalSection(SolutionProperties) = preSolution
		HideSolutionNode = FALSE
	EndGlobalSection
	GlobalSection(ExtensibilityGlobals) = postSolution
		SolutionGuid = {FA7E129B-0B2A-4925-B19B-30978BE543A7}
	EndGlobalSection
EndGlobal
